<Solution>
  <Folder Name="/Files/">
    <File Path="Directory.Build.props" />
    <File Path="Directory.Packages.props" />
  </Folder>
  <Folder Name="/Backend/">
    <Project Path="Organyx.Development/Organyx.Development.csproj" />
    <Project Path="Organyx.Infrastructure/Organyx.Infrastructure.csproj" />
    <Project Path="Organyx.Api/Organyx.Api.csproj" />
  </Folder>
</Solution>
